// !$*UTF8*$!
{
	archiveVersion = 1;
	classes = {
	};
	objectVersion = 50;
	objects = {

/* Begin PBXBuildFile section */
		8F5E9D6A234F437B059BBDA7 /* Pods_SkyVPN.framework in Frameworks */ = {isa = PBXBuildFile; fileRef = 695A656409E54032CF0B05D7 /* Pods_SkyVPN.framework */; };
		E4351BA425CA858300235AF1 /* SkyVPNApp.swift in Sources */ = {isa = PBXBuildFile; fileRef = E4351BA325CA858300235AF1 /* SkyVPNApp.swift */; };
		E4351BA825CA858A00235AF1 /* Assets.xcassets in Resources */ = {isa = PBXBuildFile; fileRef = E4351BA725CA858A00235AF1 /* Assets.xcassets */; };
		E4351BAB25CA858A00235AF1 /* Preview Assets.xcassets in Resources */ = {isa = PBXBuildFile; fileRef = E4351BAA25CA858A00235AF1 /* Preview Assets.xcassets */; };
		E4351BBD25CA946900235AF1 /* Home.swift in Sources */ = {isa = PBXBuildFile; fileRef = E4351BBC25CA946900235AF1 /* Home.swift */; };
		E4351BC125CA948600235AF1 /* Login.swift in Sources */ = {isa = PBXBuildFile; fileRef = E4351BC025CA948600235AF1 /* Login.swift */; };
		E4351BC425CA94A200235AF1 /* SignUp.swift in Sources */ = {isa = PBXBuildFile; fileRef = E4351BC325CA94A200235AF1 /* SignUp.swift */; };
		E4351BC825CADCA700235AF1 /* NetWorkServices.swift in Sources */ = {isa = PBXBuildFile; fileRef = E4351BC725CADCA700235AF1 /* NetWorkServices.swift */; };
		E4351BD025CADF9000235AF1 /* SkyVPNConstants.swift in Sources */ = {isa = PBXBuildFile; fileRef = E4351BCF25CADF9000235AF1 /* SkyVPNConstants.swift */; };
		E4351BD425CAE24600235AF1 /* AuthAPIHandler.swift in Sources */ = {isa = PBXBuildFile; fileRef = E4351BD325CAE24600235AF1 /* AuthAPIHandler.swift */; };
		E4351BDC25CAE38900235AF1 /* BaseAPIHandler.swift in Sources */ = {isa = PBXBuildFile; fileRef = E4351BDB25CAE38900235AF1 /* BaseAPIHandler.swift */; };
		E4351BDF25CAE49600235AF1 /* AuthVM.swift in Sources */ = {isa = PBXBuildFile; fileRef = E4351BDE25CAE49600235AF1 /* AuthVM.swift */; };
		E4351BE225CAE4D300235AF1 /* BaseVM.swift in Sources */ = {isa = PBXBuildFile; fileRef = E4351BE125CAE4D300235AF1 /* BaseVM.swift */; };
		E4351BE525CAEFDD00235AF1 /* User.swift in Sources */ = {isa = PBXBuildFile; fileRef = E4351BE425CAEFDD00235AF1 /* User.swift */; };
		E4351BE825CAF1F500235AF1 /* AuthDataHandler.swift in Sources */ = {isa = PBXBuildFile; fileRef = E4351BE725CAF1F500235AF1 /* AuthDataHandler.swift */; };
		E4351BEB25CAF22A00235AF1 /* BaseDataHandler.swift in Sources */ = {isa = PBXBuildFile; fileRef = E4351BEA25CAF22A00235AF1 /* BaseDataHandler.swift */; };
		E4351C0325CB351000235AF1 /* AppExtension.swift in Sources */ = {isa = PBXBuildFile; fileRef = E4351C0225CB351000235AF1 /* AppExtension.swift */; };
/* End PBXBuildFile section */

/* Begin PBXFileReference section */
		695A656409E54032CF0B05D7 /* Pods_SkyVPN.framework */ = {isa = PBXFileReference; explicitFileType = wrapper.framework; includeInIndex = 0; path = Pods_SkyVPN.framework; sourceTree = BUILT_PRODUCTS_DIR; };
		E4351BA025CA858300235AF1 /* SkyVPN.app */ = {isa = PBXFileReference; explicitFileType = wrapper.application; includeInIndex = 0; path = SkyVPN.app; sourceTree = BUILT_PRODUCTS_DIR; };
		E4351BA325CA858300235AF1 /* SkyVPNApp.swift */ = {isa = PBXFileReference; lastKnownFileType = sourcecode.swift; path = SkyVPNApp.swift; sourceTree = "<group>"; };
		E4351BA725CA858A00235AF1 /* Assets.xcassets */ = {isa = PBXFileReference; lastKnownFileType = folder.assetcatalog; path = Assets.xcassets; sourceTree = "<group>"; };
		E4351BAA25CA858A00235AF1 /* Preview Assets.xcassets */ = {isa = PBXFileReference; lastKnownFileType = folder.assetcatalog; path = "Preview Assets.xcassets"; sourceTree = "<group>"; };
		E4351BAC25CA858A00235AF1 /* Info.plist */ = {isa = PBXFileReference; lastKnownFileType = text.plist.xml; path = Info.plist; sourceTree = "<group>"; };
		E4351BBC25CA946900235AF1 /* Home.swift */ = {isa = PBXFileReference; lastKnownFileType = sourcecode.swift; path = Home.swift; sourceTree = "<group>"; };
		E4351BC025CA948600235AF1 /* Login.swift */ = {isa = PBXFileReference; lastKnownFileType = sourcecode.swift; path = Login.swift; sourceTree = "<group>"; };
		E4351BC325CA94A200235AF1 /* SignUp.swift */ = {isa = PBXFileReference; lastKnownFileType = sourcecode.swift; path = SignUp.swift; sourceTree = "<group>"; };
		E4351BC725CADCA700235AF1 /* NetWorkServices.swift */ = {isa = PBXFileReference; lastKnownFileType = sourcecode.swift; path = NetWorkServices.swift; sourceTree = "<group>"; };
		E4351BCF25CADF9000235AF1 /* SkyVPNConstants.swift */ = {isa = PBXFileReference; lastKnownFileType = sourcecode.swift; name = SkyVPNConstants.swift; path = SkyVPN/Services/SkyVPNConstants.swift; sourceTree = SOURCE_ROOT; };
		E4351BD325CAE24600235AF1 /* AuthAPIHandler.swift */ = {isa = PBXFileReference; lastKnownFileType = sourcecode.swift; path = AuthAPIHandler.swift; sourceTree = "<group>"; };
		E4351BDB25CAE38900235AF1 /* BaseAPIHandler.swift */ = {isa = PBXFileReference; lastKnownFileType = sourcecode.swift; path = BaseAPIHandler.swift; sourceTree = "<group>"; };
		E4351BDE25CAE49600235AF1 /* AuthVM.swift */ = {isa = PBXFileReference; lastKnownFileType = sourcecode.swift; path = AuthVM.swift; sourceTree = "<group>"; };
		E4351BE125CAE4D300235AF1 /* BaseVM.swift */ = {isa = PBXFileReference; lastKnownFileType = sourcecode.swift; path = BaseVM.swift; sourceTree = "<group>"; };
		E4351BE425CAEFDD00235AF1 /* User.swift */ = {isa = PBXFileReference; lastKnownFileType = sourcecode.swift; path = User.swift; sourceTree = "<group>"; };
		E4351BE725CAF1F500235AF1 /* AuthDataHandler.swift */ = {isa = PBXFileReference; lastKnownFileType = sourcecode.swift; path = AuthDataHandler.swift; sourceTree = "<group>"; };
		E4351BEA25CAF22A00235AF1 /* BaseDataHandler.swift */ = {isa = PBXFileReference; lastKnownFileType = sourcecode.swift; path = BaseDataHandler.swift; sourceTree = "<group>"; };
		E4351C0225CB351000235AF1 /* AppExtension.swift */ = {isa = PBXFileReference; lastKnownFileType = sourcecode.swift; path = AppExtension.swift; sourceTree = "<group>"; };
		E720B455BE852D2641D75C2E /* Pods-SkyVPN.release.xcconfig */ = {isa = PBXFileReference; includeInIndex = 1; lastKnownFileType = text.xcconfig; name = "Pods-SkyVPN.release.xcconfig"; path = "Pods/Target Support Files/Pods-SkyVPN/Pods-SkyVPN.release.xcconfig"; sourceTree = "<group>"; };
		EBF03642F239930C426D6F67 /* Pods-SkyVPN.debug.xcconfig */ = {isa = PBXFileReference; includeInIndex = 1; lastKnownFileType = text.xcconfig; name = "Pods-SkyVPN.debug.xcconfig"; path = "Pods/Target Support Files/Pods-SkyVPN/Pods-SkyVPN.debug.xcconfig"; sourceTree = "<group>"; };
/* End PBXFileReference section */

/* Begin PBXFrameworksBuildPhase section */
		E4351B9D25CA858300235AF1 /* Frameworks */ = {
			isa = PBXFrameworksBuildPhase;
			buildActionMask = 2147483647;
			files = (
				8F5E9D6A234F437B059BBDA7 /* Pods_SkyVPN.framework in Frameworks */,
			);
			runOnlyForDeploymentPostprocessing = 0;
		};
/* End PBXFrameworksBuildPhase section */

/* Begin PBXGroup section */
		7D4ADAC4CC19118FA46D9BF9 /* Frameworks */ = {
			isa = PBXGroup;
			children = (
				695A656409E54032CF0B05D7 /* Pods_SkyVPN.framework */,
			);
			name = Frameworks;
			sourceTree = "<group>";
		};
		E4351B9725CA858200235AF1 = {
			isa = PBXGroup;
			children = (
				E4351BA225CA858300235AF1 /* SkyVPN */,
				E4351BA125CA858300235AF1 /* Products */,
				F2871E8219C8BF10E8E4484F /* Pods */,
				7D4ADAC4CC19118FA46D9BF9 /* Frameworks */,
			);
			sourceTree = "<group>";
		};
		E4351BA125CA858300235AF1 /* Products */ = {
			isa = PBXGroup;
			children = (
				E4351BA025CA858300235AF1 /* SkyVPN.app */,
			);
			name = Products;
			sourceTree = "<group>";
		};
		E4351BA225CA858300235AF1 /* SkyVPN */ = {
			isa = PBXGroup;
			children = (
				E4351BCE25CADF7A00235AF1 /* Utils */,
				E4351BBB25CA86DE00235AF1 /* Models */,
				E4351BBA25CA86D700235AF1 /* Views */,
				E4351BB925CA86C100235AF1 /* Services */,
				E4351BB325CA85B300235AF1 /* ViewModel */,
				E4351BA325CA858300235AF1 /* SkyVPNApp.swift */,
				E4351BA725CA858A00235AF1 /* Assets.xcassets */,
				E4351BAC25CA858A00235AF1 /* Info.plist */,
				E4351BA925CA858A00235AF1 /* Preview Content */,
			);
			path = SkyVPN;
			sourceTree = "<group>";
		};
		E4351BA925CA858A00235AF1 /* Preview Content */ = {
			isa = PBXGroup;
			children = (
				E4351BAA25CA858A00235AF1 /* Preview Assets.xcassets */,
			);
			path = "Preview Content";
			sourceTree = "<group>";
		};
		E4351BB325CA85B300235AF1 /* ViewModel */ = {
			isa = PBXGroup;
			children = (
				E4351BB825CA869500235AF1 /* VM */,
				E4351BB725CA85E300235AF1 /* DataHandler */,
				E4351BB525CA85C800235AF1 /* APIHandler */,
			);
			path = ViewModel;
			sourceTree = "<group>";
		};
		E4351BB525CA85C800235AF1 /* APIHandler */ = {
			isa = PBXGroup;
			children = (
				E4351BD325CAE24600235AF1 /* AuthAPIHandler.swift */,
				E4351BDB25CAE38900235AF1 /* BaseAPIHandler.swift */,
			);
			path = APIHandler;
			sourceTree = "<group>";
		};
		E4351BB725CA85E300235AF1 /* DataHandler */ = {
			isa = PBXGroup;
			children = (
				E4351BE725CAF1F500235AF1 /* AuthDataHandler.swift */,
				E4351BEA25CAF22A00235AF1 /* BaseDataHandler.swift */,
			);
			path = DataHandler;
			sourceTree = "<group>";
		};
		E4351BB825CA869500235AF1 /* VM */ = {
			isa = PBXGroup;
			children = (
				E4351BDE25CAE49600235AF1 /* AuthVM.swift */,
				E4351BE125CAE4D300235AF1 /* BaseVM.swift */,
			);
			path = VM;
			sourceTree = "<group>";
		};
		E4351BB925CA86C100235AF1 /* Services */ = {
			isa = PBXGroup;
			children = (
				E4351BC725CADCA700235AF1 /* NetWorkServices.swift */,
			);
			path = Services;
			sourceTree = "<group>";
		};
		E4351BBA25CA86D700235AF1 /* Views */ = {
			isa = PBXGroup;
			children = (
				E4351BBC25CA946900235AF1 /* Home.swift */,
				E4351BC025CA948600235AF1 /* Login.swift */,
				E4351BC325CA94A200235AF1 /* SignUp.swift */,
			);
			path = Views;
			sourceTree = "<group>";
		};
		E4351BBB25CA86DE00235AF1 /* Models */ = {
			isa = PBXGroup;
			children = (
				E4351BE425CAEFDD00235AF1 /* User.swift */,
			);
			path = Models;
			sourceTree = "<group>";
		};
		E4351BCE25CADF7A00235AF1 /* Utils */ = {
			isa = PBXGroup;
			children = (
				E4351BCF25CADF9000235AF1 /* SkyVPNConstants.swift */,
				E4351C0225CB351000235AF1 /* AppExtension.swift */,
			);
			path = Utils;
			sourceTree = "<group>";
		};
		F2871E8219C8BF10E8E4484F /* Pods */ = {
			isa = PBXGroup;
			children = (
				EBF03642F239930C426D6F67 /* Pods-SkyVPN.debug.xcconfig */,
				E720B455BE852D2641D75C2E /* Pods-SkyVPN.release.xcconfig */,
			);
			name = Pods;
			sourceTree = "<group>";
		};
/* End PBXGroup section */

/* Begin PBXNativeTarget section */
		E4351B9F25CA858300235AF1 /* SkyVPN */ = {
			isa = PBXNativeTarget;
			buildConfigurationList = E4351BAF25CA858A00235AF1 /* Build configuration list for PBXNativeTarget "SkyVPN" */;
			buildPhases = (
				19EE1CB7C7660BBE74DCAC3F /* [CP] Check Pods Manifest.lock */,
				E4351B9C25CA858300235AF1 /* Sources */,
				E4351B9D25CA858300235AF1 /* Frameworks */,
				E4351B9E25CA858300235AF1 /* Resources */,
				16A2EBB47DB951F73AEE0EEE /* [CP] Embed Pods Frameworks */,
			);
			buildRules = (
			);
			dependencies = (
			);
			name = SkyVPN;
			productName = SkyVPN;
			productReference = E4351BA025CA858300235AF1 /* SkyVPN.app */;
			productType = "com.apple.product-type.application";
		};
/* End PBXNativeTarget section */

/* Begin PBXProject section */
		E4351B9825CA858200235AF1 /* Project object */ = {
			isa = PBXProject;
			attributes = {
				LastSwiftUpdateCheck = 1220;
				LastUpgradeCheck = 1220;
				TargetAttributes = {
					E4351B9F25CA858300235AF1 = {
						CreatedOnToolsVersion = 12.2;
					};
				};
			};
			buildConfigurationList = E4351B9B25CA858200235AF1 /* Build configuration list for PBXProject "SkyVPN" */;
			compatibilityVersion = "Xcode 9.3";
			developmentRegion = en;
			hasScannedForEncodings = 0;
			knownRegions = (
				en,
				Base,
			);
			mainGroup = E4351B9725CA858200235AF1;
			productRefGroup = E4351BA125CA858300235AF1 /* Products */;
			projectDirPath = "";
			projectRoot = "";
			targets = (
				E4351B9F25CA858300235AF1 /* SkyVPN */,
			);
		};
/* End PBXProject section */

/* Begin PBXResourcesBuildPhase section */
		E4351B9E25CA858300235AF1 /* Resources */ = {
			isa = PBXResourcesBuildPhase;
			buildActionMask = 2147483647;
			files = (
				E4351BAB25CA858A00235AF1 /* Preview Assets.xcassets in Resources */,
				E4351BA825CA858A00235AF1 /* Assets.xcassets in Resources */,
			);
			runOnlyForDeploymentPostprocessing = 0;
		};
/* End PBXResourcesBuildPhase section */

/* Begin PBXShellScriptBuildPhase section */
		16A2EBB47DB951F73AEE0EEE /* [CP] Embed Pods Frameworks */ = {
			isa = PBXShellScriptBuildPhase;
			buildActionMask = 2147483647;
			files = (
			);
			inputPaths = (
				"${SRCROOT}/Pods/Target Support Files/Pods-SkyVPN/Pods-SkyVPN-frameworks.sh",
				"${BUILT_PRODUCTS_DIR}/Alamofire/Alamofire.framework",
				"${BUILT_PRODUCTS_DIR}/SwiftKeychainWrapper/SwiftKeychainWrapper.framework",
			);
			name = "[CP] Embed Pods Frameworks";
			outputPaths = (
				"${TARGET_BUILD_DIR}/${FRAMEWORKS_FOLDER_PATH}/Alamofire.framework",
				"${TARGET_BUILD_DIR}/${FRAMEWORKS_FOLDER_PATH}/SwiftKeychainWrapper.framework",
			);
			runOnlyForDeploymentPostprocessing = 0;
			shellPath = /bin/sh;
			shellScript = "\"${SRCROOT}/Pods/Target Support Files/Pods-SkyVPN/Pods-SkyVPN-frameworks.sh\"\n";
			showEnvVarsInLog = 0;
		};
		19EE1CB7C7660BBE74DCAC3F /* [CP] Check Pods Manifest.lock */ = {
			isa = PBXShellScriptBuildPhase;
			buildActionMask = 2147483647;
			files = (
			);
			inputPaths = (
				"${PODS_PODFILE_DIR_PATH}/Podfile.lock",
				"${PODS_ROOT}/Manifest.lock",
			);
			name = "[CP] Check Pods Manifest.lock";
			outputPaths = (
				"$(DERIVED_FILE_DIR)/Pods-SkyVPN-checkManifestLockResult.txt",
			);
			runOnlyForDeploymentPostprocessing = 0;
			shellPath = /bin/sh;
			shellScript = "diff \"${PODS_PODFILE_DIR_PATH}/Podfile.lock\" \"${PODS_ROOT}/Manifest.lock\" > /dev/null\nif [ $? != 0 ] ; then\n    # print error to STDERR\n    echo \"error: The sandbox is not in sync with the Podfile.lock. Run 'pod install' or update your CocoaPods installation.\" >&2\n    exit 1\nfi\n# This output is used by Xcode 'outputs' to avoid re-running this script phase.\necho \"SUCCESS\" > \"${SCRIPT_OUTPUT_FILE_0}\"\n";
			showEnvVarsInLog = 0;
		};
/* End PBXShellScriptBuildPhase section */

/* Begin PBXSourcesBuildPhase section */
		E4351B9C25CA858300235AF1 /* Sources */ = {
			isa = PBXSourcesBuildPhase;
			buildActionMask = 2147483647;
			files = (
				E4351BDF25CAE49600235AF1 /* AuthVM.swift in Sources */,
				E4351BBD25CA946900235AF1 /* Home.swift in Sources */,
				E4351BD025CADF9000235AF1 /* SkyVPNConstants.swift in Sources */,
				E4351BDC25CAE38900235AF1 /* BaseAPIHandler.swift in Sources */,
				E4351BA425CA858300235AF1 /* SkyVPNApp.swift in Sources */,
				E4351BC125CA948600235AF1 /* Login.swift in Sources */,
				E4351BC825CADCA700235AF1 /* NetWorkServices.swift in Sources */,
				E4351BC425CA94A200235AF1 /* SignUp.swift in Sources */,
				E4351BD425CAE24600235AF1 /* AuthAPIHandler.swift in Sources */,
				E4351C0325CB351000235AF1 /* AppExtension.swift in Sources */,
				E4351BE225CAE4D300235AF1 /* BaseVM.swift in Sources */,
				E4351BE825CAF1F500235AF1 /* AuthDataHandler.swift in Sources */,
				E4351BE525CAEFDD00235AF1 /* User.swift in Sources */,
				E4351BEB25CAF22A00235AF1 /* BaseDataHandler.swift in Sources */,
			);
			runOnlyForDeploymentPostprocessing = 0;
		};
/* End PBXSourcesBuildPhase section */

/* Begin XCBuildConfiguration section */
		E4351BAD25CA858A00235AF1 /* Debug */ = {
			isa = XCBuildConfiguration;
			buildSettings = {
				ALWAYS_SEARCH_USER_PATHS = NO;
				CLANG_ANALYZER_NONNULL = YES;
				CLANG_ANALYZER_NUMBER_OBJECT_CONVERSION = YES_AGGRESSIVE;
				CLANG_CXX_LANGUAGE_STANDARD = "gnu++14";
				CLANG_CXX_LIBRARY = "libc++";
				CLANG_ENABLE_MODULES = YES;
				CLANG_ENABLE_OBJC_ARC = YES;
				CLANG_ENABLE_OBJC_WEAK = YES;
				CLANG_WARN_BLOCK_CAPTURE_AUTORELEASING = YES;
				CLANG_WARN_BOOL_CONVERSION = YES;
				CLANG_WARN_COMMA = YES;
				CLANG_WARN_CONSTANT_CONVERSION = YES;
				CLANG_WARN_DEPRECATED_OBJC_IMPLEMENTATIONS = YES;
				CLANG_WARN_DIRECT_OBJC_ISA_USAGE = YES_ERROR;
				CLANG_WARN_DOCUMENTATION_COMMENTS = YES;
				CLANG_WARN_EMPTY_BODY = YES;
				CLANG_WARN_ENUM_CONVERSION = YES;
				CLANG_WARN_INFINITE_RECURSION = YES;
				CLANG_WARN_INT_CONVERSION = YES;
				CLANG_WARN_NON_LITERAL_NULL_CONVERSION = YES;
				CLANG_WARN_OBJC_IMPLICIT_RETAIN_SELF = YES;
				CLANG_WARN_OBJC_LITERAL_CONVERSION = YES;
				CLANG_WARN_OBJC_ROOT_CLASS = YES_ERROR;
				CLANG_WARN_QUOTED_INCLUDE_IN_FRAMEWORK_HEADER = YES;
				CLANG_WARN_RANGE_LOOP_ANALYSIS = YES;
				CLANG_WARN_STRICT_PROTOTYPES = YES;
				CLANG_WARN_SUSPICIOUS_MOVE = YES;
				CLANG_WARN_UNGUARDED_AVAILABILITY = YES_AGGRESSIVE;
				CLANG_WARN_UNREACHABLE_CODE = YES;
				CLANG_WARN__DUPLICATE_METHOD_MATCH = YES;
				COPY_PHASE_STRIP = NO;
				DEBUG_INFORMATION_FORMAT = dwarf;
				ENABLE_STRICT_OBJC_MSGSEND = YES;
				ENABLE_TESTABILITY = YES;
				GCC_C_LANGUAGE_STANDARD = gnu11;
				GCC_DYNAMIC_NO_PIC = NO;
				GCC_NO_COMMON_BLOCKS = YES;
				GCC_OPTIMIZATION_LEVEL = 0;
				GCC_PREPROCESSOR_DEFINITIONS = (
					"DEBUG=1",
					"$(inherited)",
				);
				GCC_WARN_64_TO_32_BIT_CONVERSION = YES;
				GCC_WARN_ABOUT_RETURN_TYPE = YES_ERROR;
				GCC_WARN_UNDECLARED_SELECTOR = YES;
				GCC_WARN_UNINITIALIZED_AUTOS = YES_AGGRESSIVE;
				GCC_WARN_UNUSED_FUNCTION = YES;
				GCC_WARN_UNUSED_VARIABLE = YES;
				IPHONEOS_DEPLOYMENT_TARGET = 14.2;
				MTL_ENABLE_DEBUG_INFO = INCLUDE_SOURCE;
				MTL_FAST_MATH = YES;
				ONLY_ACTIVE_ARCH = YES;
				SDKROOT = iphoneos;
				SWIFT_ACTIVE_COMPILATION_CONDITIONS = DEBUG;
				SWIFT_OPTIMIZATION_LEVEL = "-Onone";
			};
			name = Debug;
		};
		E4351BAE25CA858A00235AF1 /* Release */ = {
			isa = XCBuildConfiguration;
			buildSettings = {
				ALWAYS_SEARCH_USER_PATHS = NO;
				CLANG_ANALYZER_NONNULL = YES;
				CLANG_ANALYZER_NUMBER_OBJECT_CONVERSION = YES_AGGRESSIVE;
				CLANG_CXX_LANGUAGE_STANDARD = "gnu++14";
				CLANG_CXX_LIBRARY = "libc++";
				CLANG_ENABLE_MODULES = YES;
				CLANG_ENABLE_OBJC_ARC = YES;
				CLANG_ENABLE_OBJC_WEAK = YES;
				CLANG_WARN_BLOCK_CAPTURE_AUTORELEASING = YES;
				CLANG_WARN_BOOL_CONVERSION = YES;
				CLANG_WARN_COMMA = YES;
				CLANG_WARN_CONSTANT_CONVERSION = YES;
				CLANG_WARN_DEPRECATED_OBJC_IMPLEMENTATIONS = YES;
				CLANG_WARN_DIRECT_OBJC_ISA_USAGE = YES_ERROR;
				CLANG_WARN_DOCUMENTATION_COMMENTS = YES;
				CLANG_WARN_EMPTY_BODY = YES;
				CLANG_WARN_ENUM_CONVERSION = YES;
				CLANG_WARN_INFINITE_RECURSION = YES;
				CLANG_WARN_INT_CONVERSION = YES;
				CLANG_WARN_NON_LITERAL_NULL_CONVERSION = YES;
				CLANG_WARN_OBJC_IMPLICIT_RETAIN_SELF = YES;
				CLANG_WARN_OBJC_LITERAL_CONVERSION = YES;
				CLANG_WARN_OBJC_ROOT_CLASS = YES_ERROR;
				CLANG_WARN_QUOTED_INCLUDE_IN_FRAMEWORK_HEADER = YES;
				CLANG_WARN_RANGE_LOOP_ANALYSIS = YES;
				CLANG_WARN_STRICT_PROTOTYPES = YES;
				CLANG_WARN_SUSPICIOUS_MOVE = YES;
				CLANG_WARN_UNGUARDED_AVAILABILITY = YES_AGGRESSIVE;
				CLANG_WARN_UNREACHABLE_CODE = YES;
				CLANG_WARN__DUPLICATE_METHOD_MATCH = YES;
				COPY_PHASE_STRIP = NO;
				DEBUG_INFORMATION_FORMAT = "dwarf-with-dsym";
				ENABLE_NS_ASSERTIONS = NO;
				ENABLE_STRICT_OBJC_MSGSEND = YES;
				GCC_C_LANGUAGE_STANDARD = gnu11;
				GCC_NO_COMMON_BLOCKS = YES;
				GCC_WARN_64_TO_32_BIT_CONVERSION = YES;
				GCC_WARN_ABOUT_RETURN_TYPE = YES_ERROR;
				GCC_WARN_UNDECLARED_SELECTOR = YES;
				GCC_WARN_UNINITIALIZED_AUTOS = YES_AGGRESSIVE;
				GCC_WARN_UNUSED_FUNCTION = YES;
				GCC_WARN_UNUSED_VARIABLE = YES;
				IPHONEOS_DEPLOYMENT_TARGET = 14.2;
				MTL_ENABLE_DEBUG_INFO = NO;
				MTL_FAST_MATH = YES;
				SDKROOT = iphoneos;
				SWIFT_COMPILATION_MODE = wholemodule;
				SWIFT_OPTIMIZATION_LEVEL = "-O";
				VALIDATE_PRODUCT = YES;
			};
			name = Release;
		};
		E4351BB025CA858A00235AF1 /* Debug */ = {
			isa = XCBuildConfiguration;
			baseConfigurationReference = EBF03642F239930C426D6F67 /* Pods-SkyVPN.debug.xcconfig */;
			buildSettings = {
				ASSETCATALOG_COMPILER_APPICON_NAME = AppIcon;
				ASSETCATALOG_COMPILER_GLOBAL_ACCENT_COLOR_NAME = AccentColor;
				CODE_SIGN_STYLE = Automatic;
				DEVELOPMENT_ASSET_PATHS = "\"SkyVPN/Preview Content\"";
				DEVELOPMENT_TEAM = Y89LU2A58Y;
				ENABLE_PREVIEWS = YES;
				INFOPLIST_FILE = SkyVPN/Info.plist;
				IPHONEOS_DEPLOYMENT_TARGET = 14.0;
				LD_RUNPATH_SEARCH_PATHS = (
					"$(inherited)",
					"@executable_path/Frameworks",
				);
				PRODUCT_BUNDLE_IDENTIFIER = skybox.SkyVPN;
				PRODUCT_NAME = "$(TARGET_NAME)";
				SWIFT_VERSION = 5.0;
				TARGETED_DEVICE_FAMILY = "1,2";
			};
			name = Debug;
		};
		E4351BB125CA858A00235AF1 /* Release */ = {
			isa = XCBuildConfiguration;
			baseConfigurationReference = E720B455BE852D2641D75C2E /* Pods-SkyVPN.release.xcconfig */;
			buildSettings = {
				ASSETCATALOG_COMPILER_APPICON_NAME = AppIcon;
				ASSETCATALOG_COMPILER_GLOBAL_ACCENT_COLOR_NAME = AccentColor;
				CODE_SIGN_STYLE = Automatic;
				DEVELOPMENT_ASSET_PATHS = "\"SkyVPN/Preview Content\"";
				DEVELOPMENT_TEAM = Y89LU2A58Y;
				ENABLE_PREVIEWS = YES;
				INFOPLIST_FILE = SkyVPN/Info.plist;
				IPHONEOS_DEPLOYMENT_TARGET = 14.0;
				LD_RUNPATH_SEARCH_PATHS = (
					"$(inherited)",
					"@executable_path/Frameworks",
				);
				PRODUCT_BUNDLE_IDENTIFIER = skybox.SkyVPN;
				PRODUCT_NAME = "$(TARGET_NAME)";
				SWIFT_VERSION = 5.0;
				TARGETED_DEVICE_FAMILY = "1,2";
			};
			name = Release;
		};
/* End XCBuildConfiguration section */

/* Begin XCConfigurationList section */
		E4351B9B25CA858200235AF1 /* Build configuration list for PBXProject "SkyVPN" */ = {
			isa = XCConfigurationList;
			buildConfigurations = (
				E4351BAD25CA858A00235AF1 /* Debug */,
				E4351BAE25CA858A00235AF1 /* Release */,
			);
			defaultConfigurationIsVisible = 0;
			defaultConfigurationName = Release;
		};
		E4351BAF25CA858A00235AF1 /* Build configuration list for PBXNativeTarget "SkyVPN" */ = {
			isa = XCConfigurationList;
			buildConfigurations = (
				E4351BB025CA858A00235AF1 /* Debug */,
				E4351BB125CA858A00235AF1 /* Release */,
			);
			defaultConfigurationIsVisible = 0;
			defaultConfigurationName = Release;
		};
/* End XCConfigurationList section */
	};
	rootObject = E4351B9825CA858200235AF1 /* Project object */;
}
